# This file is autogenerated, do not edit; changes may be undone by the next 'dep ensure'.


[[projects]]
  digest = "1:ab972abb4f8af4e054fa53e6f2160251598cd11d484f5581094925e00a4c59c0"
  name = "github.com/bwesterb/byteswriter"
  packages = ["."]
  pruneopts = "UT"
  revision = "fe2f57e9fb9cee2d2843caa9e7bc1baa081fb567"
  version = "v1.0.0"

[[projects]]
  digest = "1:9704a9f6e994a512656b73683c7f5c678168ef47e813b724302fcf5e5403f2d4"
  name = "github.com/bwesterb/go-atum"
  packages = ["."]
  pruneopts = "UT"
  revision = "9965266e59eee42f26153a8be40c1463c79ed17b"
  version = "v1.0.0"

[[projects]]
  digest = "1:07b1ec08df55782bc78d3733fb7b04eb3a9272d835a4d0f2541f7a3096840c1b"
  name = "github.com/bwesterb/go-pow"
  packages = ["."]
  pruneopts = "UT"
  revision = "c84a42458d2e58f61395e19d07cfc9630df15dc6"
  version = "v1.0.0"

[[projects]]
  digest = "1:cfb986797a6087d1869d4bedd6a7b461e8e0d2803f77798fa93c8586dbc1c928"
  name = "github.com/bwesterb/go-xmssmt"
  packages = ["."]
  pruneopts = "UT"
  revision = "3dc1e812afc06ff57e314a9a2257c2ccba5264dc"
  version = "v1.0.0"

[[projects]]
  digest = "1:fed1f537c2f1269fe475a8556c393fe466641682d73ef8fd0491cd3aa1e47bad"
  name = "github.com/certifi/gocertifi"
  packages = ["."]
  pruneopts = "UT"
  revision = "deb3ae2ef2610fde3330947281941c562861188b"
  version = "2018.01.18"

[[projects]]
  digest = "1:998cf998358a303ac2430c386ba3fd3398477d6013153d3c6e11432765cc9ae6"
  name = "github.com/cespare/xxhash"
  packages = ["."]
  pruneopts = "UT"
  revision = "3b82fb7d186719faeedd0c2864f868c74fbf79a1"
  version = "v2.0.0"

[[projects]]
  digest = "1:ffe9824d294da03b391f44e1ae8281281b4afc1bdaa9588c9097785e3af10cec"
  name = "github.com/davecgh/go-spew"
  packages = ["spew"]
  pruneopts = "UT"
  revision = "8991bc29aa16c548c550c7ff78260e27b9ab7c73"
  version = "v1.1.1"

[[projects]]
  digest = "1:76dc72490af7174349349838f2fe118996381b31ea83243812a97e5a0fd5ed55"
  name = "github.com/dgrijalva/jwt-go"
  packages = ["."]
  pruneopts = "UT"
  revision = "06ea1031745cb8b3dab3f6a236daf2b0aa468b7e"
  version = "v3.2.0"

[[projects]]
  digest = "1:edb569dd02419a41ddd98768cc0e7aec922ef19dae139731e5ca750afcf6f4c5"
  name = "github.com/edsrzf/mmap-go"
  packages = ["."]
  pruneopts = "UT"
  revision = "188cc3b666ba704534fa4f96e9e61f21f1e1ba7c"
  version = "v1.0.0"

[[projects]]
  digest = "1:abeb38ade3f32a92943e5be54f55ed6d6e3b6602761d74b4aab4c9dd45c18abd"
  name = "github.com/fsnotify/fsnotify"
  packages = ["."]
  pruneopts = "UT"
  revision = "c2828203cd70a50dcccfb2761f8b1f8ceef9a8e9"
  version = "v1.4.7"

[[projects]]
  branch = "master"
  digest = "1:b39cde42897191f6864cca339b94315f6ab957553c175a46392be3fe9824141b"
  name = "github.com/getsentry/raven-go"
  packages = ["."]
  pruneopts = "UT"
  revision = "5c24d5110e0e198d9ae16f1f3465366085001d92"

[[projects]]
  digest = "1:58c033da727ebd5a6769209e479cac9a6e4dab53c879631af3d8161423099d57"
  name = "github.com/go-chi/chi"
  packages = [
    ".",
    "middleware",
  ]
  pruneopts = "UT"
  revision = "da24bba8dcd4021cafac38724bf10dccc97c3e36"
  version = "v4.0.2"

[[projects]]
  digest = "1:dfa416a1bb8139f30832543340f972f65c0db9932034cb6a1b42c5ac615a3fb8"
  name = "github.com/go-chi/cors"
  packages = ["."]
  pruneopts = "UT"
  revision = "dba6525398619dead495962a916728e7ee2ca322"
  version = "v1.0.0"

[[projects]]
  digest = "1:aacef5f5e45685f2aeda5534d0a750dee6859de7e9088cdd06192787bb01ae6d"
  name = "github.com/go-errors/errors"
  packages = ["."]
  pruneopts = "UT"
  revision = "a6af135bd4e28680facf08a3d206b454abc877a4"
  version = "v1.0.1"

[[projects]]
  digest = "1:0ade334594e69404d80d9d323445d2297ff8161637f9b2d347cc6973d2d6f05b"
  name = "github.com/hashicorp/errwrap"
  packages = ["."]
  pruneopts = "UT"
  revision = "8a6fb523712970c966eefc6b39ed2c5e74880354"
  version = "v1.0.0"

[[projects]]
  digest = "1:af105c7c5dc0b4ae41991f122cae860b9600f7d226072c2a83127048c991660c"
  name = "github.com/hashicorp/go-cleanhttp"
  packages = ["."]
  pruneopts = "UT"
  revision = "eda1e5db218aad1db63ca4642c8906b26bcf2744"
  version = "v0.5.1"

[[projects]]
  digest = "1:f668349b83f7d779567c880550534addeca7ebadfdcf44b0b9c39be61864b4b7"
  name = "github.com/hashicorp/go-multierror"
  packages = ["."]
  pruneopts = "UT"
  revision = "886a7fbe3eb1c874d46f623bfa70af45f425b3d1"
  version = "v1.0.0"

[[projects]]
  digest = "1:351c9fafe916b099211b6e05749afdf5eef2d9aa297691827825628ec395d8c4"
  name = "github.com/hashicorp/go-retryablehttp"
  packages = ["."]
  pruneopts = "UT"
  revision = "85a8ee556d7323a4faf0f4c17ee900e9ff1482e8"
  version = "v0.5.4"

[[projects]]
  digest = "1:ea40c24cdbacd054a6ae9de03e62c5f252479b96c716375aace5c120d68647c8"
  name = "github.com/hashicorp/hcl"
  packages = [
    ".",
    "hcl/ast",
    "hcl/parser",
    "hcl/scanner",
    "hcl/strconv",
    "hcl/token",
    "json/parser",
    "json/scanner",
    "json/token",
  ]
  pruneopts = "UT"
  revision = "8cb6e5b959231cc1119e43259c4a608f9c51a241"
  version = "v1.0.0"

[[projects]]
  digest = "1:870d441fe217b8e689d7949fef6e43efbc787e50f200cb1e70dbca9204a1d6be"
  name = "github.com/inconshreveable/mousetrap"
  packages = ["."]
  pruneopts = "UT"
  revision = "76626ae9c91c4f2a10f34cad8ce83ea42c93bb75"
  version = "v1.0"

[[projects]]
  branch = "master"
  digest = "1:af0b99aa0b31b085545aee0121711ab5a8450168cd1a758f30aa692785243d3a"
  name = "github.com/jasonlvhit/gocron"
  packages = ["."]
  pruneopts = "UT"
  revision = "f1cf2bd73e84a479e339a71f89b49b474ed6903c"

[[projects]]
  digest = "1:31e761d97c76151dde79e9d28964a812c46efc5baee4085b86f68f0c654450de"
  name = "github.com/konsorten/go-windows-terminal-sequences"
  packages = ["."]
  pruneopts = "UT"
  revision = "f55edac94c9bbba5d6182a4be46d86a2c9b5b50e"
  version = "v1.0.2"

[[projects]]
  digest = "1:5a0ef768465592efca0412f7e838cdc0826712f8447e70e6ccc52eb441e9ab13"
  name = "github.com/magiconair/properties"
  packages = ["."]
  pruneopts = "UT"
  revision = "de8848e004dd33dc07a2947b3d76f618a7fc7ef1"
  version = "v1.8.1"

[[projects]]
  digest = "1:7c084e0e780596dd2a7e20d25803909a9a43689c153de953520dfbc0b0e51166"
  name = "github.com/mattn/go-colorable"
  packages = ["."]
  pruneopts = "UT"
  revision = "8029fb3788e5a4a9c00e415f586a6d033f5d38b3"
  version = "v0.1.2"

[[projects]]
  digest = "1:9b90c7639a41697f3d4ad12d7d67dfacc9a7a4a6e0bbfae4fc72d0da57c28871"
  name = "github.com/mattn/go-isatty"
  packages = ["."]
  pruneopts = "UT"
  revision = "1311e847b0cb909da63b5fecfb5370aa66236465"
  version = "v0.0.8"

[[projects]]
  digest = "1:8f96c2727dd7e2b4ca6224f3c4e2ddc1368f1d75e9c62dec0712311db793d7cc"
  name = "github.com/mdp/qrterminal"
  packages = ["."]
  pruneopts = "UT"
  revision = "3ddcad8b8e3a14a06036e9a343c2c890a67ae0bf"
  version = "v2.0.1"

[[projects]]
  branch = "master"
  digest = "1:2b32af4d2a529083275afc192d1067d8126b578c7a9613b26600e4df9c735155"
  name = "github.com/mgutz/ansi"
  packages = ["."]
  pruneopts = "UT"
  revision = "9520e82c474b0a04dd04f8a40959027271bab992"

[[projects]]
  digest = "1:53bc4cd4914cd7cd52139990d5170d6dc99067ae31c56530621b18b35fc30318"
  name = "github.com/mitchellh/mapstructure"
  packages = ["."]
  pruneopts = "UT"
  revision = "3536a929edddb9a5b34bd6861dc4a9647cb459fe"
  version = "v1.1.2"

[[projects]]
  branch = "master"
  digest = "1:6491080aa184f88c2bb8e2f6056e5e0e9a578b2d8666efbd6e97bc37a0c41e72"
  name = "github.com/nightlyone/lockfile"
  packages = ["."]
  pruneopts = "UT"
  revision = "0ad87eef1443f64d3d8c50da647e2b1552851124"

[[projects]]
  digest = "1:93131d8002d7025da13582877c32d1fc302486775a1b06f62241741006428c5e"
  name = "github.com/pelletier/go-toml"
  packages = ["."]
  pruneopts = "UT"
  revision = "728039f679cbcd4f6a54e080d2219a4c4928c546"
  version = "v1.4.0"

[[projects]]
  digest = "1:cf31692c14422fa27c83a05292eb5cbe0fb2775972e8f1f8446a71549bd8980b"
  name = "github.com/pkg/errors"
  packages = ["."]
  pruneopts = "UT"
  revision = "ba968bfe8b2f7e042a574c888954fccecfa385b4"
  version = "v0.8.1"

[[projects]]
  digest = "1:0028cb19b2e4c3112225cd871870f2d9cf49b9b4276531f03438a88e94be86fe"
  name = "github.com/pmezard/go-difflib"
  packages = ["difflib"]
  pruneopts = "UT"
  revision = "792786c7400a136282c1664665ae0a8db921c6c2"
  version = "v1.0.0"

[[projects]]
  branch = "master"
  digest = "1:efc4c33449984cda3f7880142fbf35fdc16c7e9c4c27c50a8e77bd055400cceb"
  name = "github.com/privacybydesign/gabi"
  packages = [
    ".",
    "big",
    "safeprime",
  ]
  pruneopts = "UT"
  revision = "ce779395f4c98898f21f8c49f71f4b3353995127"

[[projects]]
  digest = "1:04457f9f6f3ffc5fea48e71d62f2ca256637dee0a04d710288e27e05c8b41976"
  name = "github.com/sirupsen/logrus"
  packages = ["."]
  pruneopts = "UT"
  revision = "839c75faf7f98a33d445d181f3018b5c3409a45e"
  version = "v1.4.2"

[[projects]]
  digest = "1:bb495ec276ab82d3dd08504bbc0594a65de8c3b22c6f2aaa92d05b73fbf3a82e"
  name = "github.com/spf13/afero"
  packages = [
    ".",
    "mem",
  ]
  pruneopts = "UT"
  revision = "588a75ec4f32903aa5e39a2619ba6a4631e28424"
  version = "v1.2.2"

[[projects]]
  digest = "1:08d65904057412fc0270fc4812a1c90c594186819243160dc779a402d4b6d0bc"
  name = "github.com/spf13/cast"
  packages = ["."]
  pruneopts = "UT"
  revision = "8c9545af88b134710ab1cd196795e7f2388358d7"
  version = "v1.3.0"

[[projects]]
  digest = "1:e096613fb7cf34743d49af87d197663cfccd61876e2219853005a57baedfa562"
  name = "github.com/spf13/cobra"
  packages = ["."]
  pruneopts = "UT"
  revision = "f2b07da1e2c38d5f12845a4f607e2e1018cbb1f5"
  version = "v0.0.5"

[[projects]]
  digest = "1:1b753ec16506f5864d26a28b43703c58831255059644351bbcb019b843950900"
  name = "github.com/spf13/jwalterweatherman"
  packages = ["."]
  pruneopts = "UT"
  revision = "94f6ae3ed3bceceafa716478c5fbf8d29ca601a1"
  version = "v1.1.0"

[[projects]]
  branch = "headers-in-flag-usage"
  digest = "1:df9eb40c8a441518df2f01209df7f7063897883175dbca55fd01f9d6d6e18900"
  name = "github.com/spf13/pflag"
  packages = ["."]
  pruneopts = "UT"
  revision = "a45bfec10d5967283b482dc135e35e339406c5f9"
  source = "github.com/sietseringers/pflag"

[[projects]]
  branch = "add-file-key-replacer"
  digest = "1:27bd3e1223a9cb2b08955a6e9b279b9711c2fa3515d9b97bf03318b222fc1d52"
  name = "github.com/spf13/viper"
  packages = ["."]
  pruneopts = "UT"
  revision = "554683669b21cf5dc84d6ee1a81de1f605a28ff8"
  source = "github.com/sietseringers/viper"

[[projects]]
  digest = "1:5da8ce674952566deae4dbc23d07c85caafc6cfa815b0b3e03e41979cedb8750"
  name = "github.com/stretchr/testify"
  packages = [
    "assert",
    "require",
  ]
  pruneopts = "UT"
  revision = "ffdc059bfe9ce6a4e144ba849dbedead332c6053"
  version = "v1.3.0"

[[projects]]
  branch = "master"
  digest = "1:f10bb2efe706eea8e386fa5021281e302a58e8fa0ba9f2e31ad9ca2cb234b282"
  name = "github.com/templexxx/cpufeat"
  packages = ["."]
  pruneopts = "UT"
  revision = "cef66df7f161dee20f4d650da7268d77eaaec82d"

[[projects]]
  digest = "1:a0a269bea865974fc4d583373c984a5aa60cf98b5aa4f3e1b5de527891d37845"
  name = "github.com/templexxx/xor"
  packages = ["."]
  pruneopts = "UT"
  revision = "0af8e873c554da75f37f2049cdffda804533d44c"
  version = "0.1.2"

[[projects]]
  branch = "master"
  digest = "1:1d6beaefb050294c6e5a66a1b70f6f36bdd79919efb6c3e82834b77de0bddd94"
  name = "github.com/timshannon/bolthold"
  packages = ["."]
  pruneopts = "UT"
  revision = "aa134f742c1c6cd601585d3725c0ad59eaea4db8"

[[projects]]
  digest = "1:39a425f98fb19427061a693fe6bf0683c9bddec4b25b17067e34fdb465e39cb9"
  name = "github.com/x-cray/logrus-prefixed-formatter"
  packages = ["."]
  pruneopts = "UT"
  revision = "bb2702d423886830dee131692131d35648c382e2"
  version = "v0.5.2"

[[projects]]
  digest = "1:f2ac2c724fc8214bb7b9dd6d4f5b7a983152051f5133320f228557182263cb94"
  name = "go.etcd.io/bbolt"
  packages = ["."]
  pruneopts = "UT"
  revision = "a0458a2b35708eef59eb5f620ceb3cd1c01a824d"
  version = "v1.3.3"

[[projects]]
  branch = "master"
  digest = "1:8ea8c6b48d99092d1393e0cf1c6f363fb2edda94b906995b1ba298a47b7e306b"
  name = "golang.org/x/crypto"
  packages = [
    "ed25519",
    "ed25519/internal/edwards25519",
    "sha3",
    "ssh/terminal",
  ]
  pruneopts = "UT"
  revision = "4def268fd1a49955bfb3dda92fe3db4f924f2285"

[[projects]]
  branch = "master"
  digest = "1:7e3e63385ebe2dd5210be1534c516d8ae33c7ffac74126e5243d43ba7222e0d4"
  name = "golang.org/x/sys"
  packages = [
    "cpu",
    "unix",
    "windows",
  ]
  pruneopts = "UT"
  revision = "04f50cda93cbb67f2afa353c52f342100e80e625"

[[projects]]
  digest = "1:1093f2eb4b344996604f7d8b29a16c5b22ab9e1b25652140d3fede39f640d5cd"
  name = "golang.org/x/text"
  packages = [
    "internal/gen",
    "internal/triegen",
    "internal/ucd",
    "transform",
    "unicode/cldr",
    "unicode/norm",
  ]
  pruneopts = "UT"
  revision = "342b2e1fbaa52c93f31447ad2c6abc048c63e475"
  version = "v0.3.2"

[[projects]]
  branch = "v1"
  digest = "1:08eeb29b91cc584a7227b52e8865638091ee6f399689d8e16e63eb9f91d9cda8"
  name = "gopkg.in/antage/eventsource.v1"
  packages = ["."]
  pruneopts = "UT"
  revision = "803f4c5af2259daa9225c72732b23e1e65ee794e"

[[projects]]
  digest = "1:4d2e5a73dc1500038e504a8d78b986630e3626dc027bc030ba5c75da257cdb96"
  name = "gopkg.in/yaml.v2"
  packages = ["."]
  pruneopts = "UT"
  revision = "51d6538a90f86fe93ac480b35f37b2be17fef232"
  version = "v2.2.2"

[[projects]]
  digest = "1:5f7a1c7de691189fe96681441220afb5c2567b1875e8b2c06201732be4b9393a"
  name = "rsc.io/qr"
  packages = [
    ".",
    "coding",
    "gf256",
  ]
  pruneopts = "UT"
  revision = "ca9a01fc2f9505024045632c50e5e8cd6142fafe"
  version = "v0.2.0"

[solve-meta]
  analyzer-name = "dep"
  analyzer-version = 1
  input-imports = [
    "github.com/bwesterb/go-atum",
    "github.com/dgrijalva/jwt-go",
    "github.com/getsentry/raven-go",
    "github.com/go-chi/chi",
    "github.com/go-chi/chi/middleware",
    "github.com/go-chi/cors",
    "github.com/go-errors/errors",
    "github.com/hashicorp/go-retryablehttp",
    "github.com/jasonlvhit/gocron",
    "github.com/mdp/qrterminal",
    "github.com/mitchellh/mapstructure",
    "github.com/pkg/errors",
    "github.com/privacybydesign/gabi",
    "github.com/privacybydesign/gabi/big",
    "github.com/sirupsen/logrus",
    "github.com/spf13/cast",
    "github.com/spf13/cobra",
    "github.com/spf13/pflag",
    "github.com/spf13/viper",
    "github.com/stretchr/testify/assert",
    "github.com/stretchr/testify/require",
    "github.com/timshannon/bolthold",
    "github.com/x-cray/logrus-prefixed-formatter",
    "gopkg.in/antage/eventsource.v1",
  ]
  solver-name = "gps-cdcl"
  solver-version = 1
